// !$*UTF8*$!
{
	archiveVersion = 1;
	classes = {
	};
	objectVersion = 46;
	objects = {

/* Begin PBXBuildFile section */
		C7025BAC1D7FBE5D00358584 /* AppDelegate.swift in Sources */ = {isa = PBXBuildFile; fileRef = C7025BAB1D7FBE5D00358584 /* AppDelegate.swift */; };
		C7025BAE1D7FBE5D00358584 /* ViewController.swift in Sources */ = {isa = PBXBuildFile; fileRef = C7025BAD1D7FBE5D00358584 /* ViewController.swift */; };
		C7025BB11D7FBE5D00358584 /* Main.storyboard in Resources */ = {isa = PBXBuildFile; fileRef = C7025BAF1D7FBE5D00358584 /* Main.storyboard */; };
		C7025BB31D7FBE5D00358584 /* Assets.xcassets in Resources */ = {isa = PBXBuildFile; fileRef = C7025BB21D7FBE5D00358584 /* Assets.xcassets */; };
		C7025BB61D7FBE5D00358584 /* LaunchScreen.storyboard in Resources */ = {isa = PBXBuildFile; fileRef = C7025BB41D7FBE5D00358584 /* LaunchScreen.storyboard */; };
/* End PBXBuildFile section */

/* Begin PBXFileReference section */
		C7025BA81D7FBE5D00358584 /* TestAnimation.app */ = {isa = PBXFileReference; explicitFileType = wrapper.application; includeInIndex = 0; path = TestAnimation.app; sourceTree = BUILT_PRODUCTS_DIR; };
		C7025BAB1D7FBE5D00358584 /* AppDelegate.swift */ = {isa = PBXFileReference; lastKnownFileType = sourcecode.swift; path = AppDelegate.swift; sourceTree = "<group>"; };
		C7025BAD1D7FBE5D00358584 /* ViewController.swift */ = {isa = PBXFileReference; lastKnownFileType = sourcecode.swift; path = ViewController.swift; sourceTree = "<group>"; };
		C7025BB01D7FBE5D00358584 /* Base */ = {isa = PBXFileReference; lastKnownFileType = file.storyboard; name = Base; path = Base.lproj/Main.storyboard; sourceTree = "<group>"; };
		C7025BB21D7FBE5D00358584 /* Assets.xcassets */ = {isa = PBXFileReference; lastKnownFileType = folder.assetcatalog; path = Assets.xcassets; sourceTree = "<group>"; };
		C7025BB51D7FBE5D00358584 /* Base */ = {isa = PBXFileReference; lastKnownFileType = file.storyboard; name = Base; path = Base.lproj/LaunchScreen.storyboard; sourceTree = "<group>"; };
		C7025BB71D7FBE5D00358584 /* Info.plist */ = {isa = PBXFileReference; lastKnownFileType = text.plist.xml; path = Info.plist; sourceTree = "<group>"; };
/* End PBXFileReference section */

/* Begin PBXFrameworksBuildPhase section */
		C7025BA51D7FBE5D00358584 /* Frameworks */ = {
			isa = PBXFrameworksBuildPhase;
			buildActionMask = 2147483647;
			files = (
			);
			runOnlyForDeploymentPostprocessing = 0;
		};
/* End PBXFrameworksBuildPhase section */

/* Begin PBXGroup section */
		C7025B9F1D7FBE5D00358584 = {
			isa = PBXGroup;
			children = (
				C7025BAA1D7FBE5D00358584 /* TestAnimation */,
				C7025BA91D7FBE5D00358584 /* Products */,
			);
			sourceTree = "<group>";
		};
		C7025BA91D7FBE5D00358584 /* Products */ = {
			isa = PBXGroup;
			children = (
				C7025BA81D7FBE5D00358584 /* TestAnimation.app */,
			);
			name = Products;
			sourceTree = "<group>";
		};
		C7025BAA1D7FBE5D00358584 /* TestAnimation */ = {
			isa = PBXGroup;
			children = (
				C7025BAB1D7FBE5D00358584 /* AppDelegate.swift */,
				C7025BAD1D7FBE5D00358584 /* ViewController.swift */,
				C7025BAF1D7FBE5D00358584 /* Main.storyboard */,
				C7025BB21D7FBE5D00358584 /* Assets.xcassets */,
				C7025BB41D7FBE5D00358584 /* LaunchScreen.storyboard */,
				C7025BB71D7FBE5D00358584 /* Info.plist */,
			);
			path = TestAnimation;
			sourceTree = "<group>";
		};
/* End PBXGroup section */

/* Begin PBXNativeTarget section */
		C7025BA71D7FBE5D00358584 /* TestAnimation */ = {
			isa = PBXNativeTarget;
			buildConfigurationList = C7025BBA1D7FBE5D00358584 /* Build configuration list for PBXNativeTarget "TestAnimation" */;
			buildPhases = (
				C7025BA41D7FBE5D00358584 /* Sources */,
				C7025BA51D7FBE5D00358584 /* Frameworks */,
				C7025BA61D7FBE5D00358584 /* Resources */,
			);
			buildRules = (
			);
			dependencies = (
			);
			name = TestAnimation;
			productName = TestAnimation;
			productReference = C7025BA81D7FBE5D00358584 /* TestAnimation.app */;
			productType = "com.apple.product-type.application";
		};
/* End PBXNativeTarget section */

/* Begin PBXProject section */
		C7025BA01D7FBE5D00358584 /* Project object */ = {
			isa = PBXProject;
			attributes = {
				LastSwiftUpdateCheck = 0730;
				LastUpgradeCheck = 0730;
				ORGANIZATIONNAME = "le ha thanh";
				TargetAttributes = {
					C7025BA71D7FBE5D00358584 = {
						CreatedOnToolsVersion = 7.3.1;
					};
				};
			};
			buildConfigurationList = C7025BA31D7FBE5D00358584 /* Build configuration list for PBXProject "TestAnimation" */;
			compatibilityVersion = "Xcode 3.2";
			developmentRegion = English;
			hasScannedForEncodings = 0;
			knownRegions = (
				en,
				Base,
			);
			mainGroup = C7025B9F1D7FBE5D00358584;
			productRefGroup = C7025BA91D7FBE5D00358584 /* Products */;
			projectDirPath = "";
			projectRoot = "";
			targets = (
				C7025BA71D7FBE5D00358584 /* TestAnimation */,
			);
		};
/* End PBXProject section */

/* Begin PBXResourcesBuildPhase section */
		C7025BA61D7FBE5D00358584 /* Resources */ = {
			isa = PBXResourcesBuildPhase;
			buildActionMask = 2147483647;
			files = (
				C7025BB61D7FBE5D00358584 /* LaunchScreen.storyboard in Resources */,
				C7025BB31D7FBE5D00358584 /* Assets.xcassets in Resources */,
				C7025BB11D7FBE5D00358584 /* Main.storyboard in Resources */,
			);
			runOnlyForDeploymentPostprocessing = 0;
		};
/* End PBXResourcesBuildPhase section */

/* Begin PBXSourcesBuildPhase section */
		C7025BA41D7FBE5D00358584 /* Sources */ = {
			isa = PBXSourcesBuildPhase;
			buildActionMask = 2147483647;
			files = (
				C7025BAE1D7FBE5D00358584 /* ViewController.swift in Sources */,
				C7025BAC1D7FBE5D00358584 /* AppDelegate.swift in Sources */,
			);
			runOnlyForDeploymentPostprocessing = 0;
		};
/* End PBXSourcesBuildPhase section */

/* Begin PBXVariantGroup section */
		C7025BAF1D7FBE5D00358584 /* Main.storyboard */ = {
			isa = PBXVariantGroup;
			children = (
				C7025BB01D7FBE5D00358584 /* Base */,
			);
			name = Main.storyboard;
			sourceTree = "<group>";
		};
		C7025BB41D7FBE5D00358584 /* LaunchScreen.storyboard */ = {
			isa = PBXVariantGroup;
			children = (
				C7025BB51D7FBE5D00358584 /* Base */,
			);
			name = LaunchScreen.storyboard;
			sourceTree = "<group>";
		};
/* End PBXVariantGroup section */

/* Begin XCBuildConfiguration section */
		C7025BB81D7FBE5D00358584 /* Debug */ = {
			isa = XCBuildConfiguration;
			buildSettings = {
				ALWAYS_SEARCH_USER_PATHS = NO;
				CLANG_ANALYZER_NONNULL = YES;
				CLANG_CXX_LANGUAGE_STANDARD = "gnu++0x";
				CLANG_CXX_LIBRARY = "libc++";
				CLANG_ENABLE_MODULES = YES;
				CLANG_ENABLE_OBJC_ARC = YES;
				CLANG_WARN_BOOL_CONVERSION = YES;
				CLANG_WARN_CONSTANT_CONVERSION = YES;
				CLANG_WARN_DIRECT_OBJC_ISA_USAGE = YES_ERROR;
				CLANG_WARN_EMPTY_BODY = YES;
				CLANG_WARN_ENUM_CONVERSION = YES;
				CLANG_WARN_INT_CONVERSION = YES;
				CLANG_WARN_OBJC_ROOT_CLASS = YES_ERROR;
				CLANG_WARN_UNREACHABLE_CODE = YES;
				CLANG_WARN__DUPLICATE_METHOD_MATCH = YES;
				"CODE_SIGN_IDENTITY[sdk=iphoneos*]" = "iPhone Developer";
				COPY_PHASE_STRIP = NO;
				DEBUG_INFORMATION_FORMAT = dwarf;
				ENABLE_STRICT_OBJC_MSGSEND = YES;
				ENABLE_TESTABILITY = YES;
				GCC_C_LANGUAGE_STANDARD = gnu99;
				GCC_DYNAMIC_NO_PIC = NO;
				GCC_NO_COMMON_BLOCKS = YES;
				GCC_OPTIMIZATION_LEVEL = 0;
				GCC_PREPROCESSOR_DEFINITIONS = (
					"DEBUG=1",
					"$(inherited)",
				);
				GCC_WARN_64_TO_32_BIT_CONVERSION = YES;
				GCC_WARN_ABOUT_RETURN_TYPE = YES_ERROR;
				GCC_WARN_UNDECLARED_SELECTOR = YES;
				GCC_WARN_UNINITIALIZED_AUTOS = YES_AGGRESSIVE;
				GCC_WARN_UNUSED_FUNCTION = YES;
				GCC_WARN_UNUSED_VARIABLE = YES;
				IPHONEOS_DEPLOYMENT_TARGET = 9.3;
				MTL_ENABLE_DEBUG_INFO = YES;
				ONLY_ACTIVE_ARCH = YES;
				SDKROOT = iphoneos;
				SWIFT_OPTIMIZATION_LEVEL = "-Onone";
			};
			name = Debug;
		};
		C7025BB91D7FBE5D00358584 /* Release */ = {
			isa = XCBuildConfiguration;
			buildSettings = {
				ALWAYS_SEARCH_USER_PATHS = NO;
				CLANG_ANALYZER_NONNULL = YES;
				CLANG_CXX_LANGUAGE_STANDARD = "gnu++0x";
				CLANG_CXX_LIBRARY = "libc++";
				CLANG_ENABLE_MODULES = YES;
				CLANG_ENABLE_OBJC_ARC = YES;
				CLANG_WARN_BOOL_CONVERSION = YES;
				CLANG_WARN_CONSTANT_CONVERSION = YES;
				CLANG_WARN_DIRECT_OBJC_ISA_USAGE = YES_ERROR;
				CLANG_WARN_EMPTY_BODY = YES;
				CLANG_WARN_ENUM_CONVERSION = YES;
				CLANG_WARN_INT_CONVERSION = YES;
				CLANG_WARN_OBJC_ROOT_CLASS = YES_ERROR;
				CLANG_WARN_UNREACHABLE_CODE = YES;
				CLANG_WARN__DUPLICATE_METHOD_MATCH = YES;
				"CODE_SIGN_IDENTITY[sdk=iphoneos*]" = "iPhone Developer";
				COPY_PHASE_STRIP = NO;
				DEBUG_INFORMATION_FORMAT = "dwarf-with-dsym";
				ENABLE_NS_ASSERTIONS = NO;
				ENABLE_STRICT_OBJC_MSGSEND = YES;
				GCC_C_LANGUAGE_STANDARD = gnu99;
				GCC_NO_COMMON_BLOCKS = YES;
				GCC_WARN_64_TO_32_BIT_CONVERSION = YES;
				GCC_WARN_ABOUT_RETURN_TYPE = YES_ERROR;
				GCC_WARN_UNDECLARED_SELECTOR = YES;
				GCC_WARN_UNINITIALIZED_AUTOS = YES_AGGRESSIVE;
				GCC_WARN_UNUSED_FUNCTION = YES;
				GCC_WARN_UNUSED_VARIABLE = YES;
				IPHONEOS_DEPLOYMENT_TARGET = 9.3;
				MTL_ENABLE_DEBUG_INFO = NO;
				SDKROOT = iphoneos;
				VALIDATE_PRODUCT = YES;
			};
			name = Release;
		};
		C7025BBB1D7FBE5D00358584 /* Debug */ = {
			isa = XCBuildConfiguration;
			buildSettings = {
				ASSETCATALOG_COMPILER_APPICON_NAME = AppIcon;
				INFOPLIST_FILE = TestAnimation/Info.plist;
				LD_RUNPATH_SEARCH_PATHS = "$(inherited) @executable_path/Frameworks";
				PRODUCT_BUNDLE_IDENTIFIER = superman.TestAnimation;
				PRODUCT_NAME = "$(TARGET_NAME)";
			};
			name = Debug;
		};
		C7025BBC1D7FBE5D00358584 /* Release */ = {
			isa = XCBuildConfiguration;
			buildSettings = {
				ASSETCATALOG_COMPILER_APPICON_NAME = AppIcon;
				INFOPLIST_FILE = TestAnimation/Info.plist;
				LD_RUNPATH_SEARCH_PATHS = "$(inherited) @executable_path/Frameworks";
				PRODUCT_BUNDLE_IDENTIFIER = superman.TestAnimation;
				PRODUCT_NAME = "$(TARGET_NAME)";
			};
			name = Release;
		};
/* End XCBuildConfiguration section */

/* Begin XCConfigurationList section */
		C7025BA31D7FBE5D00358584 /* Build configuration list for PBXProject "TestAnimation" */ = {
			isa = XCConfigurationList;
			buildConfigurations = (
				C7025BB81D7FBE5D00358584 /* Debug */,
				C7025BB91D7FBE5D00358584 /* Release */,
			);
			defaultConfigurationIsVisible = 0;
			defaultConfigurationName = Release;
		};
		C7025BBA1D7FBE5D00358584 /* Build configuration list for PBXNativeTarget "TestAnimation" */ = {
			isa = XCConfigurationList;
			buildConfigurations = (
				C7025BBB1D7FBE5D00358584 /* Debug */,
				C7025BBC1D7FBE5D00358584 /* Release */,
			);
			defaultConfigurationIsVisible = 0;
		};
/* End XCConfigurationList section */
	};
	rootObject = C7025BA01D7FBE5D00358584 /* Project object */;
}
